
Microsoft Visual Studio Solution File, Format Version 12.00
# Visual Studio 14
VisualStudioVersion = 14.0.25420.1
MinimumVisualStudioVersion = 10.0.40219.1
Project("{FAE04EC0-301F-11D3-BF4B-00C04F79EFBC}") = "LwhUploadOnline", "LwhUploadOnline\LwhUploadOnline.csproj", "{9E2A38FC-1E3B-4924-B728-74074FFCB4CA}"
EndProject
Project("{FAE04EC0-301F-11D3-BF4B-00C04F79EFBC}") = "NetLink", "NetLink\NetLink.csproj", "{B0BB4AFC-E603-44A7-A2FE-774C4827AA5F}"
EndProject
Project("{FAE04EC0-301F-11D3-BF4B-00C04F79EFBC}") = "NetSendWaitCar", "NetSendWaitCar\NetSendWaitCar.csproj", "{86890C8D-B134-4C33-B5BD-AEC6B3F7581B}"
EndProject
Global
	GlobalSection(SolutionConfigurationPlatforms) = preSolution
		Debug|Any CPU = Debug|Any CPU
		Release|Any CPU = Release|Any CPU
	EndGlobalSection
	GlobalSection(ProjectConfigurationPlatforms) = postSolution
		{9E2A38FC-1E3B-4924-B728-74074FFCB4CA}.Debug|Any CPU.ActiveCfg = Debug|Any CPU
		{9E2A38FC-1E3B-4924-B728-74074FFCB4CA}.Debug|Any CPU.Build.0 = Debug|Any CPU
		{9E2A38FC-1E3B-4924-B728-74074FFCB4CA}.Release|Any CPU.ActiveCfg = Release|Any CPU
		{9E2A38FC-1E3B-4924-B728-74074FFCB4CA}.Release|Any CPU.Build.0 = Release|Any CPU
		{B0BB4AFC-E603-44A7-A2FE-774C4827AA5F}.Debug|Any CPU.ActiveCfg = Debug|Any CPU
		{B0BB4AFC-E603-44A7-A2FE-774C4827AA5F}.Debug|Any CPU.Build.0 = Debug|Any CPU
		{B0BB4AFC-E603-44A7-A2FE-774C4827AA5F}.Release|Any CPU.ActiveCfg = Release|Any CPU
		{B0BB4AFC-E603-44A7-A2FE-774C4827AA5F}.Release|Any CPU.Build.0 = Release|Any CPU
		{86890C8D-B134-4C33-B5BD-AEC6B3F7581B}.Debug|Any CPU.ActiveCfg = Debug|Any CPU
		{86890C8D-B134-4C33-B5BD-AEC6B3F7581B}.Debug|Any CPU.Build.0 = Debug|Any CPU
		{86890C8D-B134-4C33-B5BD-AEC6B3F7581B}.Release|Any CPU.ActiveCfg = Release|Any CPU
		{86890C8D-B134-4C33-B5BD-AEC6B3F7581B}.Release|Any CPU.Build.0 = Release|Any CPU
	EndGlobalSection
	GlobalSection(SolutionProperties) = preSolution
		HideSolutionNode = FALSE
	EndGlobalSection
EndGlobal
